// !$*UTF8*$!
{
	archiveVersion = 1;
	classes = {
	};
	objectVersion = 46;
	objects = {

/* Begin PBXBuildFile section */
		65734573150C235400181B7E /* Foundation.framework in Frameworks */ = {isa = PBXBuildFile; fileRef = 65734572150C235400181B7E /* Foundation.framework */; };
		65734575150C235400181B7E /* UIKit.framework in Frameworks */ = {isa = PBXBuildFile; fileRef = 65734574150C235400181B7E /* UIKit.framework */; };
		65734577150C235400181B7E /* CoreGraphics.framework in Frameworks */ = {isa = PBXBuildFile; fileRef = 65734576150C235400181B7E /* CoreGraphics.framework */; };
		65734579150C235400181B7E /* AddressBook.framework in Frameworks */ = {isa = PBXBuildFile; fileRef = 65734578150C235400181B7E /* AddressBook.framework */; };
		6573457B150C235400181B7E /* AddressBookUI.framework in Frameworks */ = {isa = PBXBuildFile; fileRef = 6573457A150C235400181B7E /* AddressBookUI.framework */; };
		6573457D150C235400181B7E /* AudioToolbox.framework in Frameworks */ = {isa = PBXBuildFile; fileRef = 6573457C150C235400181B7E /* AudioToolbox.framework */; };
		6573457F150C235400181B7E /* AVFoundation.framework in Frameworks */ = {isa = PBXBuildFile; fileRef = 6573457E150C235400181B7E /* AVFoundation.framework */; };
		65734581150C235400181B7E /* CoreLocation.framework in Frameworks */ = {isa = PBXBuildFile; fileRef = 65734580150C235400181B7E /* CoreLocation.framework */; };
		65734583150C235400181B7E /* MediaPlayer.framework in Frameworks */ = {isa = PBXBuildFile; fileRef = 65734582150C235400181B7E /* MediaPlayer.framework */; };
		65734585150C235400181B7E /* QuartzCore.framework in Frameworks */ = {isa = PBXBuildFile; fileRef = 65734584150C235400181B7E /* QuartzCore.framework */; };
		65734587150C235400181B7E /* SystemConfiguration.framework in Frameworks */ = {isa = PBXBuildFile; fileRef = 65734586150C235400181B7E /* SystemConfiguration.framework */; };
		65734589150C235400181B7E /* MobileCoreServices.framework in Frameworks */ = {isa = PBXBuildFile; fileRef = 65734588150C235400181B7E /* MobileCoreServices.framework */; };
		6573458B150C235400181B7E /* CoreMedia.framework in Frameworks */ = {isa = PBXBuildFile; fileRef = 6573458A150C235400181B7E /* CoreMedia.framework */; };
		65734591150C235400181B7E /* InfoPlist.strings in Resources */ = {isa = PBXBuildFile; fileRef = 6573458F150C235400181B7E /* InfoPlist.strings */; };
		65734593150C235400181B7E /* main.m in Sources */ = {isa = PBXBuildFile; fileRef = 65734592150C235400181B7E /* main.m */; };
		65734596150C235400181B7E /* PhoneGap.framework in Frameworks */ = {isa = PBXBuildFile; fileRef = 65734595150C235400181B7E /* PhoneGap.framework */; };
		6573459B150C235400181B7E /* Localizable.strings in Resources */ = {isa = PBXBuildFile; fileRef = 65734599150C235400181B7E /* Localizable.strings */; };
		6573459F150C235400181B7E /* Localizable.strings in Resources */ = {isa = PBXBuildFile; fileRef = 6573459D150C235400181B7E /* Localizable.strings */; };
		657345A2150C235400181B7E /* icon.png in Resources */ = {isa = PBXBuildFile; fileRef = 657345A1150C235400181B7E /* icon.png */; };
		657345A4150C235400181B7E /* icon@2x.png in Resources */ = {isa = PBXBuildFile; fileRef = 657345A3150C235400181B7E /* icon@2x.png */; };
		657345A6150C235400181B7E /* icon-72.png in Resources */ = {isa = PBXBuildFile; fileRef = 657345A5150C235400181B7E /* icon-72.png */; };
		657345A9150C235400181B7E /* Default.png in Resources */ = {isa = PBXBuildFile; fileRef = 657345A8150C235400181B7E /* Default.png */; };
		657345AB150C235400181B7E /* Default@2x.png in Resources */ = {isa = PBXBuildFile; fileRef = 657345AA150C235400181B7E /* Default@2x.png */; };
		657345AD150C235400181B7E /* Capture.bundle in Resources */ = {isa = PBXBuildFile; fileRef = 657345AC150C235400181B7E /* Capture.bundle */; };
		657345AF150C235400181B7E /* PhoneGap.plist in Resources */ = {isa = PBXBuildFile; fileRef = 657345AE150C235400181B7E /* PhoneGap.plist */; };
		657345B3150C235400181B7E /* AppDelegate.m in Sources */ = {isa = PBXBuildFile; fileRef = 657345B2150C235400181B7E /* AppDelegate.m */; };
		657345B6150C235400181B7E /* MainViewController.m in Sources */ = {isa = PBXBuildFile; fileRef = 657345B5150C235400181B7E /* MainViewController.m */; };
		657345B8150C235400181B7E /* MainViewController.xib in Resources */ = {isa = PBXBuildFile; fileRef = 657345B7150C235400181B7E /* MainViewController.xib */; };
		657345C1150C239D00181B7E /* www in Resources */ = {isa = PBXBuildFile; fileRef = 657345C0150C239D00181B7E /* www */; };
/* End PBXBuildFile section */

/* Begin PBXFileReference section */
		6573456E150C235400181B7E /* ExampleHTML5AudioStreaming.app */ = {isa = PBXFileReference; explicitFileType = wrapper.application; includeInIndex = 0; path = ExampleHTML5AudioStreaming.app; sourceTree = BUILT_PRODUCTS_DIR; };
		65734572150C235400181B7E /* Foundation.framework */ = {isa = PBXFileReference; lastKnownFileType = wrapper.framework; name = Foundation.framework; path = System/Library/Frameworks/Foundation.framework; sourceTree = SDKROOT; };
		65734574150C235400181B7E /* UIKit.framework */ = {isa = PBXFileReference; lastKnownFileType = wrapper.framework; name = UIKit.framework; path = System/Library/Frameworks/UIKit.framework; sourceTree = SDKROOT; };
		65734576150C235400181B7E /* CoreGraphics.framework */ = {isa = PBXFileReference; lastKnownFileType = wrapper.framework; name = CoreGraphics.framework; path = System/Library/Frameworks/CoreGraphics.framework; sourceTree = SDKROOT; };
		65734578150C235400181B7E /* AddressBook.framework */ = {isa = PBXFileReference; lastKnownFileType = wrapper.framework; name = AddressBook.framework; path = System/Library/Frameworks/AddressBook.framework; sourceTree = SDKROOT; };
		6573457A150C235400181B7E /* AddressBookUI.framework */ = {isa = PBXFileReference; lastKnownFileType = wrapper.framework; name = AddressBookUI.framework; path = System/Library/Frameworks/AddressBookUI.framework; sourceTree = SDKROOT; };
		6573457C150C235400181B7E /* AudioToolbox.framework */ = {isa = PBXFileReference; lastKnownFileType = wrapper.framework; name = AudioToolbox.framework; path = System/Library/Frameworks/AudioToolbox.framework; sourceTree = SDKROOT; };
		6573457E150C235400181B7E /* AVFoundation.framework */ = {isa = PBXFileReference; lastKnownFileType = wrapper.framework; name = AVFoundation.framework; path = System/Library/Frameworks/AVFoundation.framework; sourceTree = SDKROOT; };
		65734580150C235400181B7E /* CoreLocation.framework */ = {isa = PBXFileReference; lastKnownFileType = wrapper.framework; name = CoreLocation.framework; path = System/Library/Frameworks/CoreLocation.framework; sourceTree = SDKROOT; };
		65734582150C235400181B7E /* MediaPlayer.framework */ = {isa = PBXFileReference; lastKnownFileType = wrapper.framework; name = MediaPlayer.framework; path = System/Library/Frameworks/MediaPlayer.framework; sourceTree = SDKROOT; };
		65734584150C235400181B7E /* QuartzCore.framework */ = {isa = PBXFileReference; lastKnownFileType = wrapper.framework; name = QuartzCore.framework; path = System/Library/Frameworks/QuartzCore.framework; sourceTree = SDKROOT; };
		65734586150C235400181B7E /* SystemConfiguration.framework */ = {isa = PBXFileReference; lastKnownFileType = wrapper.framework; name = SystemConfiguration.framework; path = System/Library/Frameworks/SystemConfiguration.framework; sourceTree = SDKROOT; };
		65734588150C235400181B7E /* MobileCoreServices.framework */ = {isa = PBXFileReference; lastKnownFileType = wrapper.framework; name = MobileCoreServices.framework; path = System/Library/Frameworks/MobileCoreServices.framework; sourceTree = SDKROOT; };
		6573458A150C235400181B7E /* CoreMedia.framework */ = {isa = PBXFileReference; lastKnownFileType = wrapper.framework; name = CoreMedia.framework; path = System/Library/Frameworks/CoreMedia.framework; sourceTree = SDKROOT; };
		6573458E150C235400181B7E /* ExampleHTML5AudioStreaming-Info.plist */ = {isa = PBXFileReference; lastKnownFileType = text.plist.xml; path = "ExampleHTML5AudioStreaming-Info.plist"; sourceTree = "<group>"; };
		65734590150C235400181B7E /* en */ = {isa = PBXFileReference; lastKnownFileType = text.plist.strings; name = en; path = en.lproj/InfoPlist.strings; sourceTree = "<group>"; };
		65734592150C235400181B7E /* main.m */ = {isa = PBXFileReference; lastKnownFileType = sourcecode.c.objc; path = main.m; sourceTree = "<group>"; };
		65734594150C235400181B7E /* ExampleHTML5AudioStreaming-Prefix.pch */ = {isa = PBXFileReference; lastKnownFileType = sourcecode.c.h; path = "ExampleHTML5AudioStreaming-Prefix.pch"; sourceTree = "<group>"; };
		65734595150C235400181B7E /* PhoneGap.framework */ = {isa = PBXFileReference; lastKnownFileType = wrapper.framework; name = PhoneGap.framework; path = /Users/Shared/PhoneGap/Frameworks/PhoneGap.framework; sourceTree = "<absolute>"; };
		6573459A150C235400181B7E /* en */ = {isa = PBXFileReference; lastKnownFileType = text.plist.strings; name = en; path = Resources/en.lproj/Localizable.strings; sourceTree = "<group>"; };
		6573459E150C235400181B7E /* es */ = {isa = PBXFileReference; lastKnownFileType = text.plist.strings; name = es; path = Resources/es.lproj/Localizable.strings; sourceTree = "<group>"; };
		657345A1150C235400181B7E /* icon.png */ = {isa = PBXFileReference; lastKnownFileType = image.png; name = icon.png; path = Resources/icons/icon.png; sourceTree = "<group>"; };
		657345A3150C235400181B7E /* icon@2x.png */ = {isa = PBXFileReference; lastKnownFileType = image.png; name = "icon@2x.png"; path = "Resources/icons/icon@2x.png"; sourceTree = "<group>"; };
		657345A5150C235400181B7E /* icon-72.png */ = {isa = PBXFileReference; lastKnownFileType = image.png; name = "icon-72.png"; path = "Resources/icons/icon-72.png"; sourceTree = "<group>"; };
		657345A8150C235400181B7E /* Default.png */ = {isa = PBXFileReference; lastKnownFileType = image.png; name = Default.png; path = Resources/splash/Default.png; sourceTree = "<group>"; };
		657345AA150C235400181B7E /* Default@2x.png */ = {isa = PBXFileReference; lastKnownFileType = image.png; name = "Default@2x.png"; path = "Resources/splash/Default@2x.png"; sourceTree = "<group>"; };
		657345AC150C235400181B7E /* Capture.bundle */ = {isa = PBXFileReference; lastKnownFileType = "wrapper.plug-in"; name = Capture.bundle; path = Resources/Capture.bundle; sourceTree = "<group>"; };
		657345AE150C235400181B7E /* PhoneGap.plist */ = {isa = PBXFileReference; lastKnownFileType = text.plist.xml; path = PhoneGap.plist; sourceTree = "<group>"; };
		657345B1150C235400181B7E /* AppDelegate.h */ = {isa = PBXFileReference; lastKnownFileType = sourcecode.c.h; name = AppDelegate.h; path = Classes/AppDelegate.h; sourceTree = "<group>"; };
		657345B2150C235400181B7E /* AppDelegate.m */ = {isa = PBXFileReference; lastKnownFileType = sourcecode.c.objc; name = AppDelegate.m; path = Classes/AppDelegate.m; sourceTree = "<group>"; };
		657345B4150C235400181B7E /* MainViewController.h */ = {isa = PBXFileReference; lastKnownFileType = sourcecode.c.h; name = MainViewController.h; path = Classes/MainViewController.h; sourceTree = "<group>"; };
		657345B5150C235400181B7E /* MainViewController.m */ = {isa = PBXFileReference; lastKnownFileType = sourcecode.c.objc; name = MainViewController.m; path = Classes/MainViewController.m; sourceTree = "<group>"; };
		657345B7150C235400181B7E /* MainViewController.xib */ = {isa = PBXFileReference; lastKnownFileType = file.xib; name = MainViewController.xib; path = Classes/MainViewController.xib; sourceTree = "<group>"; };
		657345BA150C235400181B7E /* README */ = {isa = PBXFileReference; lastKnownFileType = text; name = README; path = Plugins/README; sourceTree = "<group>"; };
		657345C0150C239D00181B7E /* www */ = {isa = PBXFileReference; lastKnownFileType = folder; path = www; sourceTree = "<group>"; };
/* End PBXFileReference section */

/* Begin PBXFrameworksBuildPhase section */
		65734568150C235400181B7E /* Frameworks */ = {
			isa = PBXFrameworksBuildPhase;
			buildActionMask = 2147483647;
			files = (
				65734573150C235400181B7E /* Foundation.framework in Frameworks */,
				65734575150C235400181B7E /* UIKit.framework in Frameworks */,
				65734577150C235400181B7E /* CoreGraphics.framework in Frameworks */,
				65734579150C235400181B7E /* AddressBook.framework in Frameworks */,
				6573457B150C235400181B7E /* AddressBookUI.framework in Frameworks */,
				6573457D150C235400181B7E /* AudioToolbox.framework in Frameworks */,
				6573457F150C235400181B7E /* AVFoundation.framework in Frameworks */,
				65734581150C235400181B7E /* CoreLocation.framework in Frameworks */,
				65734583150C235400181B7E /* MediaPlayer.framework in Frameworks */,
				65734585150C235400181B7E /* QuartzCore.framework in Frameworks */,
				65734587150C235400181B7E /* SystemConfiguration.framework in Frameworks */,
				65734589150C235400181B7E /* MobileCoreServices.framework in Frameworks */,
				6573458B150C235400181B7E /* CoreMedia.framework in Frameworks */,
				65734596150C235400181B7E /* PhoneGap.framework in Frameworks */,
			);
			runOnlyForDeploymentPostprocessing = 0;
		};
		6573456B150C235400181B7E /* Frameworks */ = {
			isa = PBXFrameworksBuildPhase;
			buildActionMask = 2147483647;
			files = (
			);
			runOnlyForDeploymentPostprocessing = 0;
		};
/* End PBXFrameworksBuildPhase section */

/* Begin PBXGroup section */
		65734560150C235400181B7E = {
			isa = PBXGroup;
			children = (
				657345C0150C239D00181B7E /* www */,
				6573458C150C235400181B7E /* ExampleHTML5AudioStreaming */,
				65734571150C235400181B7E /* Frameworks */,
				6573456F150C235400181B7E /* Products */,
			);
			sourceTree = "<group>";
		};
		6573456F150C235400181B7E /* Products */ = {
			isa = PBXGroup;
			children = (
				6573456E150C235400181B7E /* ExampleHTML5AudioStreaming.app */,
			);
			name = Products;
			sourceTree = "<group>";
		};
		65734571150C235400181B7E /* Frameworks */ = {
			isa = PBXGroup;
			children = (
				65734572150C235400181B7E /* Foundation.framework */,
				65734574150C235400181B7E /* UIKit.framework */,
				65734576150C235400181B7E /* CoreGraphics.framework */,
				65734578150C235400181B7E /* AddressBook.framework */,
				6573457A150C235400181B7E /* AddressBookUI.framework */,
				6573457C150C235400181B7E /* AudioToolbox.framework */,
				6573457E150C235400181B7E /* AVFoundation.framework */,
				65734580150C235400181B7E /* CoreLocation.framework */,
				65734582150C235400181B7E /* MediaPlayer.framework */,
				65734584150C235400181B7E /* QuartzCore.framework */,
				65734586150C235400181B7E /* SystemConfiguration.framework */,
				65734588150C235400181B7E /* MobileCoreServices.framework */,
				6573458A150C235400181B7E /* CoreMedia.framework */,
			);
			name = Frameworks;
			sourceTree = "<group>";
		};
		6573458C150C235400181B7E /* ExampleHTML5AudioStreaming */ = {
			isa = PBXGroup;
			children = (
				65734595150C235400181B7E /* PhoneGap.framework */,
				65734597150C235400181B7E /* Resources */,
				657345B0150C235400181B7E /* Classes */,
				657345B9150C235400181B7E /* Plugins */,
				6573458D150C235400181B7E /* Supporting Files */,
			);
			path = ExampleHTML5AudioStreaming;
			sourceTree = "<group>";
		};
		6573458D150C235400181B7E /* Supporting Files */ = {
			isa = PBXGroup;
			children = (
				6573458E150C235400181B7E /* ExampleHTML5AudioStreaming-Info.plist */,
				6573458F150C235400181B7E /* InfoPlist.strings */,
				65734592150C235400181B7E /* main.m */,
				65734594150C235400181B7E /* ExampleHTML5AudioStreaming-Prefix.pch */,
				657345AE150C235400181B7E /* PhoneGap.plist */,
				657345B7150C235400181B7E /* MainViewController.xib */,
			);
			name = "Supporting Files";
			sourceTree = "<group>";
		};
		65734597150C235400181B7E /* Resources */ = {
			isa = PBXGroup;
			children = (
				657345AC150C235400181B7E /* Capture.bundle */,
				65734598150C235400181B7E /* en.lproj */,
				6573459C150C235400181B7E /* es.lproj */,
				657345A0150C235400181B7E /* icons */,
				657345A7150C235400181B7E /* splash */,
			);
			name = Resources;
			sourceTree = "<group>";
		};
		65734598150C235400181B7E /* en.lproj */ = {
			isa = PBXGroup;
			children = (
				65734599150C235400181B7E /* Localizable.strings */,
			);
			name = en.lproj;
			sourceTree = "<group>";
		};
		6573459C150C235400181B7E /* es.lproj */ = {
			isa = PBXGroup;
			children = (
				6573459D150C235400181B7E /* Localizable.strings */,
			);
			name = es.lproj;
			sourceTree = "<group>";
		};
		657345A0150C235400181B7E /* icons */ = {
			isa = PBXGroup;
			children = (
				657345A1150C235400181B7E /* icon.png */,
				657345A3150C235400181B7E /* icon@2x.png */,
				657345A5150C235400181B7E /* icon-72.png */,
			);
			name = icons;
			sourceTree = "<group>";
		};
		657345A7150C235400181B7E /* splash */ = {
			isa = PBXGroup;
			children = (
				657345A8150C235400181B7E /* Default.png */,
				657345AA150C235400181B7E /* Default@2x.png */,
			);
			name = splash;
			sourceTree = "<group>";
		};
		657345B0150C235400181B7E /* Classes */ = {
			isa = PBXGroup;
			children = (
				657345B1150C235400181B7E /* AppDelegate.h */,
				657345B2150C235400181B7E /* AppDelegate.m */,
				657345B4150C235400181B7E /* MainViewController.h */,
				657345B5150C235400181B7E /* MainViewController.m */,
			);
			name = Classes;
			sourceTree = "<group>";
		};
		657345B9150C235400181B7E /* Plugins */ = {
			isa = PBXGroup;
			children = (
				657345BA150C235400181B7E /* README */,
			);
			name = Plugins;
			sourceTree = "<group>";
		};
/* End PBXGroup section */

/* Begin PBXNativeTarget section */
		6573456D150C235400181B7E /* ExampleHTML5AudioStreaming */ = {
			isa = PBXNativeTarget;
			buildConfigurationList = 657345BD150C235400181B7E /* Build configuration list for PBXNativeTarget "ExampleHTML5AudioStreaming" */;
			buildPhases = (
				65734567150C235400181B7E /* Sources */,
				65734568150C235400181B7E /* Frameworks */,
				65734569150C235400181B7E /* Resources */,
				6573456A150C235400181B7E /* Sources */,
				6573456B150C235400181B7E /* Frameworks */,
				6573456C150C235400181B7E /* ShellScript */,
			);
			buildRules = (
			);
			dependencies = (
			);
			name = ExampleHTML5AudioStreaming;
			productName = ExampleHTML5AudioStreaming;
			productReference = 6573456E150C235400181B7E /* ExampleHTML5AudioStreaming.app */;
			productType = "com.apple.product-type.application";
		};
/* End PBXNativeTarget section */

/* Begin PBXProject section */
		65734562150C235400181B7E /* Project object */ = {
			isa = PBXProject;
			attributes = {
				LastUpgradeCheck = 0430;
			};
			buildConfigurationList = 65734565150C235400181B7E /* Build configuration list for PBXProject "ExampleHTML5AudioStreaming" */;
			compatibilityVersion = "Xcode 3.2";
			developmentRegion = English;
			hasScannedForEncodings = 0;
			knownRegions = (
				en,
				es,
			);
			mainGroup = 65734560150C235400181B7E;
			productRefGroup = 6573456F150C235400181B7E /* Products */;
			projectDirPath = "";
			projectRoot = "";
			targets = (
				6573456D150C235400181B7E /* ExampleHTML5AudioStreaming */,
			);
		};
/* End PBXProject section */

/* Begin PBXResourcesBuildPhase section */
		65734569150C235400181B7E /* Resources */ = {
			isa = PBXResourcesBuildPhase;
			buildActionMask = 2147483647;
			files = (
				65734591150C235400181B7E /* InfoPlist.strings in Resources */,
				6573459B150C235400181B7E /* Localizable.strings in Resources */,
				6573459F150C235400181B7E /* Localizable.strings in Resources */,
				657345A2150C235400181B7E /* icon.png in Resources */,
				657345A4150C235400181B7E /* icon@2x.png in Resources */,
				657345A6150C235400181B7E /* icon-72.png in Resources */,
				657345A9150C235400181B7E /* Default.png in Resources */,
				657345AB150C235400181B7E /* Default@2x.png in Resources */,
				657345AD150C235400181B7E /* Capture.bundle in Resources */,
				657345AF150C235400181B7E /* PhoneGap.plist in Resources */,
				657345B8150C235400181B7E /* MainViewController.xib in Resources */,
				657345C1150C239D00181B7E /* www in Resources */,
			);
			runOnlyForDeploymentPostprocessing = 0;
		};
/* End PBXResourcesBuildPhase section */

/* Begin PBXShellScriptBuildPhase section */
		6573456C150C235400181B7E /* ShellScript */ = {
			isa = PBXShellScriptBuildPhase;
			buildActionMask = 2147483647;
			files = (
			);
			inputPaths = (
			);
			outputPaths = (
			);
			runOnlyForDeploymentPostprocessing = 0;
			shellPath = /bin/bash;
			shellScript = "\n\t\t\t\t\t\t\t\tif [ ! -d \"$PROJECT_DIR/www\" ] ; then\n\t\t\t\t\t\t\t\t\tcp -R /Users/Shared/PhoneGap/Frameworks/PhoneGap.framework/www \"$PROJECT_DIR\"\n\t\t\t\t\t\t\t\tfi\n\t\t\t\t\t\t\t\t# detect www folder reference in project, if missing, print warning\n\t\t\t\t\t\t\t\tgrep \"{isa = PBXFileReference; lastKnownFileType = folder; path = www; sourceTree = \\\"<group>\\\"; };\" \"$PROJECT_DIR/$PROJECT_NAME.xcodeproj/project.pbxproj\"\n\t\t\t\t\t\t\t\trc=$? \n\t\t\t\t\t\t\t\tif [ $rc != 0 ] ; then\n\t\t\t\t\t\t\t\techo -e \"warning: Missing - Add $PROJECT_DIR/www as a folder reference in your project. Just drag and drop the folder into your project, into the Project Navigator of Xcode 4. Make sure you select the second radio-button: 'Create folder references for any added folders' (which will create a blue folder)\" 1>&2\n\t\t\t\t\t\t\t\tfi\t\t\t\t\t\t\t";
		};
/* End PBXShellScriptBuildPhase section */

/* Begin PBXSourcesBuildPhase section */
		65734567150C235400181B7E /* Sources */ = {
			isa = PBXSourcesBuildPhase;
			buildActionMask = 2147483647;
			files = (
				65734593150C235400181B7E /* main.m in Sources */,
				657345B3150C235400181B7E /* AppDelegate.m in Sources */,
				657345B6150C235400181B7E /* MainViewController.m in Sources */,
			);
			runOnlyForDeploymentPostprocessing = 0;
		};
		6573456A150C235400181B7E /* Sources */ = {
			isa = PBXSourcesBuildPhase;
			buildActionMask = 2147483647;
			files = (
			);
			runOnlyForDeploymentPostprocessing = 0;
		};
/* End PBXSourcesBuildPhase section */

/* Begin PBXVariantGroup section */
		6573458F150C235400181B7E /* InfoPlist.strings */ = {
			isa = PBXVariantGroup;
			children = (
				65734590150C235400181B7E /* en */,
			);
			name = InfoPlist.strings;
			sourceTree = "<group>";
		};
		65734599150C235400181B7E /* Localizable.strings */ = {
			isa = PBXVariantGroup;
			children = (
				6573459A150C235400181B7E /* en */,
			);
			name = Localizable.strings;
			sourceTree = "<group>";
		};
		6573459D150C235400181B7E /* Localizable.strings */ = {
			isa = PBXVariantGroup;
			children = (
				6573459E150C235400181B7E /* es */,
			);
			name = Localizable.strings;
			sourceTree = "<group>";
		};
/* End PBXVariantGroup section */

/* Begin XCBuildConfiguration section */
		657345BB150C235400181B7E /* Debug */ = {
			isa = XCBuildConfiguration;
			buildSettings = {
				ALWAYS_SEARCH_USER_PATHS = NO;
				ARCHS = "$(ARCHS_STANDARD_32_BIT)";
				"CODE_SIGN_IDENTITY[sdk=iphoneos*]" = "iPhone Developer";
				COPY_PHASE_STRIP = NO;
				GCC_C_LANGUAGE_STANDARD = gnu99;
				GCC_DYNAMIC_NO_PIC = NO;
				GCC_OPTIMIZATION_LEVEL = 0;
				GCC_PREPROCESSOR_DEFINITIONS = (
					"DEBUG=1",
					"$(inherited)",
				);
				GCC_SYMBOLS_PRIVATE_EXTERN = NO;
				GCC_VERSION = com.apple.compilers.llvmgcc42;
				GCC_WARN_ABOUT_RETURN_TYPE = YES;
				GCC_WARN_UNINITIALIZED_AUTOS = YES;
				GCC_WARN_UNUSED_VARIABLE = YES;
				IPHONEOS_DEPLOYMENT_TARGET = 3.0;
				SDKROOT = iphoneos;
			};
			name = Debug;
		};
		657345BC150C235400181B7E /* Release */ = {
			isa = XCBuildConfiguration;
			buildSettings = {
				ALWAYS_SEARCH_USER_PATHS = NO;
				ARCHS = "$(ARCHS_STANDARD_32_BIT)";
				"CODE_SIGN_IDENTITY[sdk=iphoneos*]" = "iPhone Developer";
				COPY_PHASE_STRIP = YES;
				GCC_C_LANGUAGE_STANDARD = gnu99;
				GCC_VERSION = com.apple.compilers.llvmgcc42;
				GCC_WARN_ABOUT_RETURN_TYPE = YES;
				GCC_WARN_UNINITIALIZED_AUTOS = YES;
				GCC_WARN_UNUSED_VARIABLE = YES;
				IPHONEOS_DEPLOYMENT_TARGET = 3.0;
				SDKROOT = iphoneos;
				VALIDATE_PRODUCT = YES;
			};
			name = Release;
		};
		657345BE150C235400181B7E /* Debug */ = {
			isa = XCBuildConfiguration;
			buildSettings = {
				ALWAYS_SEARCH_USER_PATHS = YES;
				COPY_PHASE_STRIP = NO;
				FRAMEWORK_SEARCH_PATHS = /Users/Shared/PhoneGap/Frameworks;
				GCC_DYNAMIC_NO_PIC = NO;
				GCC_PRECOMPILE_PREFIX_HEADER = YES;
				GCC_PREFIX_HEADER = "ExampleHTML5AudioStreaming/ExampleHTML5AudioStreaming-Prefix.pch";
				GCC_PREPROCESSOR_DEFINITIONS = "PHONEGAP_FRAMEWORK=YES";
				GCC_VERSION = com.apple.compilers.llvm.clang.1_0;
				INFOPLIST_FILE = "ExampleHTML5AudioStreaming/ExampleHTML5AudioStreaming-Info.plist";
				IPHONEOS_DEPLOYMENT_TARGET = 4.3;
				OTHER_LDFLAGS = (
					"-weak_framework",
					UIKit,
					"-weak_framework",
					AVFoundation,
					"-weak_framework",
					CoreMedia,
					"-weak_library",
					/usr/lib/libSystem.B.dylib,
				);
				PRODUCT_NAME = "$(TARGET_NAME)";
				TARGETED_DEVICE_FAMILY = 1;
				WRAPPER_EXTENSION = app;
			};
			name = Debug;
		};
		657345BF150C235400181B7E /* Release */ = {
			isa = XCBuildConfiguration;
			buildSettings = {
				ALWAYS_SEARCH_USER_PATHS = YES;
				COPY_PHASE_STRIP = YES;
				DEBUG_INFORMATION_FORMAT = "dwarf-with-dsym";
				FRAMEWORK_SEARCH_PATHS = /Users/Shared/PhoneGap/Frameworks;
				GCC_PRECOMPILE_PREFIX_HEADER = YES;
				GCC_PREFIX_HEADER = "ExampleHTML5AudioStreaming/ExampleHTML5AudioStreaming-Prefix.pch";
				GCC_PREPROCESSOR_DEFINITIONS = "PHONEGAP_FRAMEWORK=YES";
				GCC_VERSION = com.apple.compilers.llvm.clang.1_0;
				INFOPLIST_FILE = "ExampleHTML5AudioStreaming/ExampleHTML5AudioStreaming-Info.plist";
				IPHONEOS_DEPLOYMENT_TARGET = 4.3;
				OTHER_LDFLAGS = (
					"-weak_framework",
					UIKit,
					"-weak_framework",
					AVFoundation,
					"-weak_framework",
					CoreMedia,
					"-weak_library",
					/usr/lib/libSystem.B.dylib,
				);
				PRODUCT_NAME = "$(TARGET_NAME)";
				TARGETED_DEVICE_FAMILY = 1;
				VALIDATE_PRODUCT = YES;
				WRAPPER_EXTENSION = app;
			};
			name = Release;
		};
/* End XCBuildConfiguration section */

/* Begin XCConfigurationList section */
		65734565150C235400181B7E /* Build configuration list for PBXProject "ExampleHTML5AudioStreaming" */ = {
			isa = XCConfigurationList;
			buildConfigurations = (
				657345BB150C235400181B7E /* Debug */,
				657345BC150C235400181B7E /* Release */,
			);
			defaultConfigurationIsVisible = 0;
			defaultConfigurationName = Release;
		};
		657345BD150C235400181B7E /* Build configuration list for PBXNativeTarget "ExampleHTML5AudioStreaming" */ = {
			isa = XCConfigurationList;
			buildConfigurations = (
				657345BE150C235400181B7E /* Debug */,
				657345BF150C235400181B7E /* Release */,
			);
			defaultConfigurationIsVisible = 0;
		};
/* End XCConfigurationList section */
	};
	rootObject = 65734562150C235400181B7E /* Project object */;
}
